# This file is autogenerated, do not edit; changes may be undone by the next 'dep ensure'.


[[projects]]
  name = "github.com/soniah/gosnmp"
  packages = ["."]
  revision = "3e6fc993de52c8033edd5be641d5f28ab0368cc6"
  version = "v1.9-memory"

[solve-meta]
  analyzer-name = "dep"
  analyzer-version = 1
  inputs-digest = "9a0f3fd30a0b41567b7fa371c37a1f9cdf843e0aacad5eaeff419f2f7a36b6f5"
  solver-name = "gps-cdcl"
  solver-version = 1
